
Microsoft Visual Studio Solution File, Format Version 12.00
# Visual Studio Version 16
VisualStudioVersion = 16.0.32106.194
MinimumVisualStudioVersion = 10.0.40219.1
Project("{FAE04EC0-301F-11D3-BF4B-00C04F79EFBC}") = "StayOnFeatureBranchW10", "StayOnFeatureBranchW10\StayOnFeatureBranchW10.csproj", "{17FD7CB4-8640-4E11-B26B-4C8DC8DFC2E7}"
EndProject
Global
	GlobalSection(SolutionConfigurationPlatforms) = preSolution
		Debug|Any CPU = Debug|Any CPU
		Release|Any CPU = Release|Any CPU
	EndGlobalSection
	GlobalSection(ProjectConfigurationPlatforms) = postSolution
		{17FD7CB4-8640-4E11-B26B-4C8DC8DFC2E7}.Debug|Any CPU.ActiveCfg = Debug|Any CPU
		{17FD7CB4-8640-4E11-B26B-4C8DC8DFC2E7}.Debug|Any CPU.Build.0 = Debug|Any CPU
		{17FD7CB4-8640-4E11-B26B-4C8DC8DFC2E7}.Release|Any CPU.ActiveCfg = Release|Any CPU
		{17FD7CB4-8640-4E11-B26B-4C8DC8DFC2E7}.Release|Any CPU.Build.0 = Release|Any CPU
	EndGlobalSection
	GlobalSection(SolutionProperties) = preSolution
		HideSolutionNode = FALSE
	EndGlobalSection
	GlobalSection(ExtensibilityGlobals) = postSolution
		SolutionGuid = {2358B40A-6B5B-46A4-9A77-841E342E3E1F}
	EndGlobalSection
EndGlobal
